
Microsoft Visual Studio Solution File, Format Version 12.00
# Visual Studio Version 17
VisualStudioVersion = 17.14.36401.2
MinimumVisualStudioVersion = 10.0.40219.1
Project("{FAE04EC0-301F-11D3-BF4B-00C04F79EFBC}") = "A. Way Too Long Words", "A. Way Too Long Words\A. Way Too Long Words.csproj", "{B059E459-9CE1-4A40-A76D-D8C6954564C7}"
EndProject
Project("{FAE04EC0-301F-11D3-BF4B-00C04F79EFBC}") = "A. Beautiful Matrix", "A. Beautiful Matrix\A. Beautiful Matrix.csproj", "{728CE8E8-CA38-49A2-A979-64CCD37A3D95}"
EndProject
Project("{FAE04EC0-301F-11D3-BF4B-00C04F79EFBC}") = "A. Bit++", "A. Bit++\A. Bit++.csproj", "{2FF3449A-8556-418E-9E53-42969FF59865}"
EndProject
Project("{FAE04EC0-301F-11D3-BF4B-00C04F79EFBC}") = "A_Petya_and_Strings", "A_Petya_and_Strings\A_Petya_and_Strings.csproj", "{378FF63D-873E-49A7-A88A-DEBF4BF613F5}"
EndProject
Project("{FAE04EC0-301F-11D3-BF4B-00C04F79EFBC}") = "A_String_Task", "A_String_Task\A_String_Task.csproj", "{B7222011-34D8-42AC-B876-DFF5A44C882D}"
EndProject
Project("{FAE04EC0-301F-11D3-BF4B-00C04F79EFBC}") = "339A_Helpful_Maths", "339A_Helpful_Maths\339A_Helpful_Maths.csproj", "{377C237F-0229-4981-801D-153E2BFA0B59}"
EndProject
Project("{FAE04EC0-301F-11D3-BF4B-00C04F79EFBC}") = "A_Stones_on_the_Table", "A_Stones_on_the_Table\A_Stones_on_the_Table.csproj", "{2202078F-B66C-4D37-B27D-BF621FCE4CAF}"
EndProject
Project("{FAE04EC0-301F-11D3-BF4B-00C04F79EFBC}") = "A_Boy_or_Girl", "A_Boy_or_Girl\A_Boy_or_Girl.csproj", "{D02C9009-C7EE-4B6F-8595-6E44863B5612}"
EndProject
Project("{FAE04EC0-301F-11D3-BF4B-00C04F79EFBC}") = "A_Football", "A_Football\A_Football.csproj", "{A6F707FC-B765-454E-A688-D3AF9CE6C12D}"
EndProject
Project("{FAE04EC0-301F-11D3-BF4B-00C04F79EFBC}") = "A. Soldier and Bananas", "A. Soldier and Bananas\A. Soldier and Bananas.csproj", "{7D7F3092-EC1C-4C1E-9931-5CA19228AA62}"
EndProject
Project("{FAE04EC0-301F-11D3-BF4B-00C04F79EFBC}") = "A_Bear_and_BigBrother", "A_Bear_and_BigBrother\A_Bear_and_BigBrother.csproj", "{E51E4D85-5157-47CC-AF38-EC9EC9799458}"
EndProject
Project("{FAE04EC0-301F-11D3-BF4B-00C04F79EFBC}") = "A_Wrong_Subtraction", "A_Wrong_Subtraction\A_Wrong_Subtraction.csproj", "{0E84DB54-BCA1-4DCE-9B03-805C8B6622D8}"
EndProject
Project("{FAE04EC0-301F-11D3-BF4B-00C04F79EFBC}") = "A_Elephant", "A_Elephant\A_Elephant.csproj", "{A8A81F5A-7A2F-4580-9870-F5F2CCF4A485}"
EndProject
Global
	GlobalSection(SolutionConfigurationPlatforms) = preSolution
		Debug|Any CPU = Debug|Any CPU
		Release|Any CPU = Release|Any CPU
	EndGlobalSection
	GlobalSection(ProjectConfigurationPlatforms) = postSolution
		{B059E459-9CE1-4A40-A76D-D8C6954564C7}.Debug|Any CPU.ActiveCfg = Debug|Any CPU
		{B059E459-9CE1-4A40-A76D-D8C6954564C7}.Debug|Any CPU.Build.0 = Debug|Any CPU
		{B059E459-9CE1-4A40-A76D-D8C6954564C7}.Release|Any CPU.ActiveCfg = Release|Any CPU
		{B059E459-9CE1-4A40-A76D-D8C6954564C7}.Release|Any CPU.Build.0 = Release|Any CPU
		{728CE8E8-CA38-49A2-A979-64CCD37A3D95}.Debug|Any CPU.ActiveCfg = Debug|Any CPU
		{728CE8E8-CA38-49A2-A979-64CCD37A3D95}.Debug|Any CPU.Build.0 = Debug|Any CPU
		{728CE8E8-CA38-49A2-A979-64CCD37A3D95}.Release|Any CPU.ActiveCfg = Release|Any CPU
		{728CE8E8-CA38-49A2-A979-64CCD37A3D95}.Release|Any CPU.Build.0 = Release|Any CPU
		{2FF3449A-8556-418E-9E53-42969FF59865}.Debug|Any CPU.ActiveCfg = Debug|Any CPU
		{2FF3449A-8556-418E-9E53-42969FF59865}.Debug|Any CPU.Build.0 = Debug|Any CPU
		{2FF3449A-8556-418E-9E53-42969FF59865}.Release|Any CPU.ActiveCfg = Release|Any CPU
		{2FF3449A-8556-418E-9E53-42969FF59865}.Release|Any CPU.Build.0 = Release|Any CPU
		{378FF63D-873E-49A7-A88A-DEBF4BF613F5}.Debug|Any CPU.ActiveCfg = Debug|Any CPU
		{378FF63D-873E-49A7-A88A-DEBF4BF613F5}.Debug|Any CPU.Build.0 = Debug|Any CPU
		{378FF63D-873E-49A7-A88A-DEBF4BF613F5}.Release|Any CPU.ActiveCfg = Release|Any CPU
		{378FF63D-873E-49A7-A88A-DEBF4BF613F5}.Release|Any CPU.Build.0 = Release|Any CPU
		{B7222011-34D8-42AC-B876-DFF5A44C882D}.Debug|Any CPU.ActiveCfg = Debug|Any CPU
		{B7222011-34D8-42AC-B876-DFF5A44C882D}.Debug|Any CPU.Build.0 = Debug|Any CPU
		{B7222011-34D8-42AC-B876-DFF5A44C882D}.Release|Any CPU.ActiveCfg = Release|Any CPU
		{B7222011-34D8-42AC-B876-DFF5A44C882D}.Release|Any CPU.Build.0 = Release|Any CPU
		{377C237F-0229-4981-801D-153E2BFA0B59}.Debug|Any CPU.ActiveCfg = Debug|Any CPU
		{377C237F-0229-4981-801D-153E2BFA0B59}.Debug|Any CPU.Build.0 = Debug|Any CPU
		{377C237F-0229-4981-801D-153E2BFA0B59}.Release|Any CPU.ActiveCfg = Release|Any CPU
		{377C237F-0229-4981-801D-153E2BFA0B59}.Release|Any CPU.Build.0 = Release|Any CPU
		{2202078F-B66C-4D37-B27D-BF621FCE4CAF}.Debug|Any CPU.ActiveCfg = Debug|Any CPU
		{2202078F-B66C-4D37-B27D-BF621FCE4CAF}.Debug|Any CPU.Build.0 = Debug|Any CPU
		{2202078F-B66C-4D37-B27D-BF621FCE4CAF}.Release|Any CPU.ActiveCfg = Release|Any CPU
		{2202078F-B66C-4D37-B27D-BF621FCE4CAF}.Release|Any CPU.Build.0 = Release|Any CPU
		{D02C9009-C7EE-4B6F-8595-6E44863B5612}.Debug|Any CPU.ActiveCfg = Debug|Any CPU
		{D02C9009-C7EE-4B6F-8595-6E44863B5612}.Debug|Any CPU.Build.0 = Debug|Any CPU
		{D02C9009-C7EE-4B6F-8595-6E44863B5612}.Release|Any CPU.ActiveCfg = Release|Any CPU
		{D02C9009-C7EE-4B6F-8595-6E44863B5612}.Release|Any CPU.Build.0 = Release|Any CPU
		{A6F707FC-B765-454E-A688-D3AF9CE6C12D}.Debug|Any CPU.ActiveCfg = Debug|Any CPU
		{A6F707FC-B765-454E-A688-D3AF9CE6C12D}.Debug|Any CPU.Build.0 = Debug|Any CPU
		{A6F707FC-B765-454E-A688-D3AF9CE6C12D}.Release|Any CPU.ActiveCfg = Release|Any CPU
		{A6F707FC-B765-454E-A688-D3AF9CE6C12D}.Release|Any CPU.Build.0 = Release|Any CPU
		{7D7F3092-EC1C-4C1E-9931-5CA19228AA62}.Debug|Any CPU.ActiveCfg = Debug|Any CPU
		{7D7F3092-EC1C-4C1E-9931-5CA19228AA62}.Debug|Any CPU.Build.0 = Debug|Any CPU
		{7D7F3092-EC1C-4C1E-9931-5CA19228AA62}.Release|Any CPU.ActiveCfg = Release|Any CPU
		{7D7F3092-EC1C-4C1E-9931-5CA19228AA62}.Release|Any CPU.Build.0 = Release|Any CPU
		{E51E4D85-5157-47CC-AF38-EC9EC9799458}.Debug|Any CPU.ActiveCfg = Debug|Any CPU
		{E51E4D85-5157-47CC-AF38-EC9EC9799458}.Debug|Any CPU.Build.0 = Debug|Any CPU
		{E51E4D85-5157-47CC-AF38-EC9EC9799458}.Release|Any CPU.ActiveCfg = Release|Any CPU
		{E51E4D85-5157-47CC-AF38-EC9EC9799458}.Release|Any CPU.Build.0 = Release|Any CPU
		{0E84DB54-BCA1-4DCE-9B03-805C8B6622D8}.Debug|Any CPU.ActiveCfg = Debug|Any CPU
		{0E84DB54-BCA1-4DCE-9B03-805C8B6622D8}.Debug|Any CPU.Build.0 = Debug|Any CPU
		{0E84DB54-BCA1-4DCE-9B03-805C8B6622D8}.Release|Any CPU.ActiveCfg = Release|Any CPU
		{0E84DB54-BCA1-4DCE-9B03-805C8B6622D8}.Release|Any CPU.Build.0 = Release|Any CPU
		{A8A81F5A-7A2F-4580-9870-F5F2CCF4A485}.Debug|Any CPU.ActiveCfg = Debug|Any CPU
		{A8A81F5A-7A2F-4580-9870-F5F2CCF4A485}.Debug|Any CPU.Build.0 = Debug|Any CPU
		{A8A81F5A-7A2F-4580-9870-F5F2CCF4A485}.Release|Any CPU.ActiveCfg = Release|Any CPU
		{A8A81F5A-7A2F-4580-9870-F5F2CCF4A485}.Release|Any CPU.Build.0 = Release|Any CPU
	EndGlobalSection
	GlobalSection(SolutionProperties) = preSolution
		HideSolutionNode = FALSE
	EndGlobalSection
	GlobalSection(ExtensibilityGlobals) = postSolution
		SolutionGuid = {50FA5A32-7A9B-468A-A538-A90409E621F5}
	EndGlobalSection
EndGlobal
