
Microsoft Visual Studio Solution File, Format Version 12.00
# Visual Studio Version 17
VisualStudioVersion = 17.14.36401.2
MinimumVisualStudioVersion = 10.0.40219.1
Project("{FAE04EC0-301F-11D3-BF4B-00C04F79EFBC}") = "Inheritance", "Inheritance\Inheritance.csproj", "{19BA261C-E645-4987-8481-2315CE04DD41}"
EndProject
Project("{FAE04EC0-301F-11D3-BF4B-00C04F79EFBC}") = "Polymorphism", "Polymorphism\Polymorphism.csproj", "{419E28A0-DC6A-4E18-881A-A7B7444E902A}"
EndProject
Project("{FAE04EC0-301F-11D3-BF4B-00C04F79EFBC}") = "Static", "Static\Static.csproj", "{DE4D30C4-2E68-4AE7-896E-3AA5E715BDEC}"
EndProject
Project("{FAE04EC0-301F-11D3-BF4B-00C04F79EFBC}") = "AbstractClass", "AbstractClass\AbstractClass.csproj", "{0A5B67D9-02A9-4DFE-B997-5183F4A93949}"
EndProject
Project("{FAE04EC0-301F-11D3-BF4B-00C04F79EFBC}") = "Interface", "Interface\Interface.csproj", "{11740880-3C97-449A-9132-FF31D7187BA3}"
EndProject
Project("{FAE04EC0-301F-11D3-BF4B-00C04F79EFBC}") = "MethodOverriding", "MethodOverriding\MethodOverriding.csproj", "{6C5160B5-7D7D-47B4-9BE1-C9ED3CA8ABFF}"
EndProject
Project("{FAE04EC0-301F-11D3-BF4B-00C04F79EFBC}") = "PartialClass", "PartialClass\PartialClass.csproj", "{4033608F-9537-4E76-88B4-3A5F001B8725}"
EndProject
Global
	GlobalSection(SolutionConfigurationPlatforms) = preSolution
		Debug|Any CPU = Debug|Any CPU
		Release|Any CPU = Release|Any CPU
	EndGlobalSection
	GlobalSection(ProjectConfigurationPlatforms) = postSolution
		{19BA261C-E645-4987-8481-2315CE04DD41}.Debug|Any CPU.ActiveCfg = Debug|Any CPU
		{19BA261C-E645-4987-8481-2315CE04DD41}.Debug|Any CPU.Build.0 = Debug|Any CPU
		{19BA261C-E645-4987-8481-2315CE04DD41}.Release|Any CPU.ActiveCfg = Release|Any CPU
		{19BA261C-E645-4987-8481-2315CE04DD41}.Release|Any CPU.Build.0 = Release|Any CPU
		{419E28A0-DC6A-4E18-881A-A7B7444E902A}.Debug|Any CPU.ActiveCfg = Debug|Any CPU
		{419E28A0-DC6A-4E18-881A-A7B7444E902A}.Debug|Any CPU.Build.0 = Debug|Any CPU
		{419E28A0-DC6A-4E18-881A-A7B7444E902A}.Release|Any CPU.ActiveCfg = Release|Any CPU
		{419E28A0-DC6A-4E18-881A-A7B7444E902A}.Release|Any CPU.Build.0 = Release|Any CPU
		{DE4D30C4-2E68-4AE7-896E-3AA5E715BDEC}.Debug|Any CPU.ActiveCfg = Debug|Any CPU
		{DE4D30C4-2E68-4AE7-896E-3AA5E715BDEC}.Debug|Any CPU.Build.0 = Debug|Any CPU
		{DE4D30C4-2E68-4AE7-896E-3AA5E715BDEC}.Release|Any CPU.ActiveCfg = Release|Any CPU
		{DE4D30C4-2E68-4AE7-896E-3AA5E715BDEC}.Release|Any CPU.Build.0 = Release|Any CPU
		{0A5B67D9-02A9-4DFE-B997-5183F4A93949}.Debug|Any CPU.ActiveCfg = Debug|Any CPU
		{0A5B67D9-02A9-4DFE-B997-5183F4A93949}.Debug|Any CPU.Build.0 = Debug|Any CPU
		{0A5B67D9-02A9-4DFE-B997-5183F4A93949}.Release|Any CPU.ActiveCfg = Release|Any CPU
		{0A5B67D9-02A9-4DFE-B997-5183F4A93949}.Release|Any CPU.Build.0 = Release|Any CPU
		{11740880-3C97-449A-9132-FF31D7187BA3}.Debug|Any CPU.ActiveCfg = Debug|Any CPU
		{11740880-3C97-449A-9132-FF31D7187BA3}.Debug|Any CPU.Build.0 = Debug|Any CPU
		{11740880-3C97-449A-9132-FF31D7187BA3}.Release|Any CPU.ActiveCfg = Release|Any CPU
		{11740880-3C97-449A-9132-FF31D7187BA3}.Release|Any CPU.Build.0 = Release|Any CPU
		{6C5160B5-7D7D-47B4-9BE1-C9ED3CA8ABFF}.Debug|Any CPU.ActiveCfg = Debug|Any CPU
		{6C5160B5-7D7D-47B4-9BE1-C9ED3CA8ABFF}.Debug|Any CPU.Build.0 = Debug|Any CPU
		{6C5160B5-7D7D-47B4-9BE1-C9ED3CA8ABFF}.Release|Any CPU.ActiveCfg = Release|Any CPU
		{6C5160B5-7D7D-47B4-9BE1-C9ED3CA8ABFF}.Release|Any CPU.Build.0 = Release|Any CPU
		{4033608F-9537-4E76-88B4-3A5F001B8725}.Debug|Any CPU.ActiveCfg = Debug|Any CPU
		{4033608F-9537-4E76-88B4-3A5F001B8725}.Debug|Any CPU.Build.0 = Debug|Any CPU
		{4033608F-9537-4E76-88B4-3A5F001B8725}.Release|Any CPU.ActiveCfg = Release|Any CPU
		{4033608F-9537-4E76-88B4-3A5F001B8725}.Release|Any CPU.Build.0 = Release|Any CPU
	EndGlobalSection
	GlobalSection(SolutionProperties) = preSolution
		HideSolutionNode = FALSE
	EndGlobalSection
	GlobalSection(ExtensibilityGlobals) = postSolution
		SolutionGuid = {0E9AE785-CEDB-4B09-82B2-A74134962C4D}
	EndGlobalSection
EndGlobal
