
Microsoft Visual Studio Solution File, Format Version 12.00
# Visual Studio Version 17
VisualStudioVersion = 17.14.36401.2
MinimumVisualStudioVersion = 10.0.40219.1
Project("{FAE04EC0-301F-11D3-BF4B-00C04F79EFBC}") = "DataTypes", "DataTypes.csproj", "{BAA3C582-B8B5-41C6-B5A7-D821E1639D8B}"
EndProject
Project("{FAE04EC0-301F-11D3-BF4B-00C04F79EFBC}") = "Arrays", "..\Arrays\Arrays.csproj", "{DE63FB70-4EB4-4314-8525-AD5A00AAE56F}"
EndProject
Project("{FAE04EC0-301F-11D3-BF4B-00C04F79EFBC}") = "InputOutput", "..\InputOutput\InputOutput.csproj", "{C78CF48D-E620-4680-879D-57816F3F3CBF}"
EndProject
Project("{FAE04EC0-301F-11D3-BF4B-00C04F79EFBC}") = "Loops", "..\Loops\Loops.csproj", "{5FFF4890-2E5C-4440-B3E3-62A0F84E9D32}"
EndProject
Project("{FAE04EC0-301F-11D3-BF4B-00C04F79EFBC}") = "basic problem solving", "..\basic problem solving\basic problem solving.csproj", "{C748589C-9E34-4B11-9894-3F09BDB6B98D}"
EndProject
Project("{FAE04EC0-301F-11D3-BF4B-00C04F79EFBC}") = "LambdaMethod", "..\LambdaMethod\LambdaMethod.csproj", "{76673458-B2F9-46AA-AFED-11FB38F98003}"
EndProject
Global
	GlobalSection(SolutionConfigurationPlatforms) = preSolution
		Debug|Any CPU = Debug|Any CPU
		Release|Any CPU = Release|Any CPU
	EndGlobalSection
	GlobalSection(ProjectConfigurationPlatforms) = postSolution
		{BAA3C582-B8B5-41C6-B5A7-D821E1639D8B}.Debug|Any CPU.ActiveCfg = Debug|Any CPU
		{BAA3C582-B8B5-41C6-B5A7-D821E1639D8B}.Debug|Any CPU.Build.0 = Debug|Any CPU
		{BAA3C582-B8B5-41C6-B5A7-D821E1639D8B}.Release|Any CPU.ActiveCfg = Release|Any CPU
		{BAA3C582-B8B5-41C6-B5A7-D821E1639D8B}.Release|Any CPU.Build.0 = Release|Any CPU
		{DE63FB70-4EB4-4314-8525-AD5A00AAE56F}.Debug|Any CPU.ActiveCfg = Debug|Any CPU
		{DE63FB70-4EB4-4314-8525-AD5A00AAE56F}.Debug|Any CPU.Build.0 = Debug|Any CPU
		{DE63FB70-4EB4-4314-8525-AD5A00AAE56F}.Release|Any CPU.ActiveCfg = Release|Any CPU
		{DE63FB70-4EB4-4314-8525-AD5A00AAE56F}.Release|Any CPU.Build.0 = Release|Any CPU
		{C78CF48D-E620-4680-879D-57816F3F3CBF}.Debug|Any CPU.ActiveCfg = Debug|Any CPU
		{C78CF48D-E620-4680-879D-57816F3F3CBF}.Debug|Any CPU.Build.0 = Debug|Any CPU
		{C78CF48D-E620-4680-879D-57816F3F3CBF}.Release|Any CPU.ActiveCfg = Release|Any CPU
		{C78CF48D-E620-4680-879D-57816F3F3CBF}.Release|Any CPU.Build.0 = Release|Any CPU
		{5FFF4890-2E5C-4440-B3E3-62A0F84E9D32}.Debug|Any CPU.ActiveCfg = Debug|Any CPU
		{5FFF4890-2E5C-4440-B3E3-62A0F84E9D32}.Debug|Any CPU.Build.0 = Debug|Any CPU
		{5FFF4890-2E5C-4440-B3E3-62A0F84E9D32}.Release|Any CPU.ActiveCfg = Release|Any CPU
		{5FFF4890-2E5C-4440-B3E3-62A0F84E9D32}.Release|Any CPU.Build.0 = Release|Any CPU
		{C748589C-9E34-4B11-9894-3F09BDB6B98D}.Debug|Any CPU.ActiveCfg = Debug|Any CPU
		{C748589C-9E34-4B11-9894-3F09BDB6B98D}.Debug|Any CPU.Build.0 = Debug|Any CPU
		{C748589C-9E34-4B11-9894-3F09BDB6B98D}.Release|Any CPU.ActiveCfg = Release|Any CPU
		{C748589C-9E34-4B11-9894-3F09BDB6B98D}.Release|Any CPU.Build.0 = Release|Any CPU
		{76673458-B2F9-46AA-AFED-11FB38F98003}.Debug|Any CPU.ActiveCfg = Debug|Any CPU
		{76673458-B2F9-46AA-AFED-11FB38F98003}.Debug|Any CPU.Build.0 = Debug|Any CPU
		{76673458-B2F9-46AA-AFED-11FB38F98003}.Release|Any CPU.ActiveCfg = Release|Any CPU
		{76673458-B2F9-46AA-AFED-11FB38F98003}.Release|Any CPU.Build.0 = Release|Any CPU
	EndGlobalSection
	GlobalSection(SolutionProperties) = preSolution
		HideSolutionNode = FALSE
	EndGlobalSection
	GlobalSection(ExtensibilityGlobals) = postSolution
		SolutionGuid = {97222BE4-98D9-4F62-A723-DA4DA072487F}
	EndGlobalSection
EndGlobal
